
Microsoft Visual Studio Solution File, Format Version 12.00
# Visual Studio Express 14 for Windows Desktop
VisualStudioVersion = 14.0.23107.0
MinimumVisualStudioVersion = 10.0.40219.1
Project("{FAE04EC0-301F-11D3-BF4B-00C04F79EFBC}") = "GasPump", "GasPump\GasPump.csproj", "{01A1C9B3-335B-40D4-A307-C2AD76EA7598}"
EndProject
Project("{FAE04EC0-301F-11D3-BF4B-00C04F79EFBC}") = "GasPump.Tests", "GasPump.Tests\GasPump.Tests.csproj", "{5E101BC8-11FF-4E79-B2AB-98A9500AE5C3}"
EndProject
Global
	GlobalSection(SolutionConfigurationPlatforms) = preSolution
		Debug|Any CPU = Debug|Any CPU
		Release|Any CPU = Release|Any CPU
	EndGlobalSection
	GlobalSection(ProjectConfigurationPlatforms) = postSolution
		{01A1C9B3-335B-40D4-A307-C2AD76EA7598}.Debug|Any CPU.ActiveCfg = Debug|Any CPU
		{01A1C9B3-335B-40D4-A307-C2AD76EA7598}.Debug|Any CPU.Build.0 = Debug|Any CPU
		{01A1C9B3-335B-40D4-A307-C2AD76EA7598}.Release|Any CPU.ActiveCfg = Release|Any CPU
		{01A1C9B3-335B-40D4-A307-C2AD76EA7598}.Release|Any CPU.Build.0 = Release|Any CPU
		{5E101BC8-11FF-4E79-B2AB-98A9500AE5C3}.Debug|Any CPU.ActiveCfg = Debug|Any CPU
		{5E101BC8-11FF-4E79-B2AB-98A9500AE5C3}.Debug|Any CPU.Build.0 = Debug|Any CPU
		{5E101BC8-11FF-4E79-B2AB-98A9500AE5C3}.Release|Any CPU.ActiveCfg = Release|Any CPU
		{5E101BC8-11FF-4E79-B2AB-98A9500AE5C3}.Release|Any CPU.Build.0 = Release|Any CPU
	EndGlobalSection
	GlobalSection(SolutionProperties) = preSolution
		HideSolutionNode = FALSE
	EndGlobalSection
EndGlobal
